// !$*UTF8*$!
{
	archiveVersion = 1;
	classes = {
	};
	objectVersion = 46;
	objects = {

/* Begin PBXBuildFile section */
		2E6721D51F5F96B400A2B77C /* AppDNSMapper.m in Sources */ = {isa = PBXBuildFile; fileRef = 2E6721D41F5F96B400A2B77C /* AppDNSMapper.m */; };
		2E6721D81F5F96BF00A2B77C /* AppDNSInterceptor.m in Sources */ = {isa = PBXBuildFile; fileRef = 2E6721D71F5F96BF00A2B77C /* AppDNSInterceptor.m */; };
		2E6721DB1F5F997600A2B77C /* AppDNSParser.m in Sources */ = {isa = PBXBuildFile; fileRef = 2E6721DA1F5F997600A2B77C /* AppDNSParser.m */; };
		2E6721DE1F5FA78E00A2B77C /* AppDNSCache.m in Sources */ = {isa = PBXBuildFile; fileRef = 2E6721DD1F5FA78E00A2B77C /* AppDNSCache.m */; };
		2E6721E01F5FA92B00A2B77C /* AppDNSPList.plist in Resources */ = {isa = PBXBuildFile; fileRef = 2E6721DF1F5FA92A00A2B77C /* AppDNSPList.plist */; };
		2E6721E31F5FCC4F00A2B77C /* NSString+AppValidIP.m in Sources */ = {isa = PBXBuildFile; fileRef = 2E6721E21F5FCC4F00A2B77C /* NSString+AppValidIP.m */; };
		2E6721EA1F5FD43E00A2B77C /* AppDNSFilterRule.m in Sources */ = {isa = PBXBuildFile; fileRef = 2E6721E91F5FD43E00A2B77C /* AppDNSFilterRule.m */; };
		2E6721F31F5FE67100A2B77C /* GBPing.m in Sources */ = {isa = PBXBuildFile; fileRef = 2E6721ED1F5FE67100A2B77C /* GBPing.m */; };
		2E6721F41F5FE67100A2B77C /* GBPingSummary.m in Sources */ = {isa = PBXBuildFile; fileRef = 2E6721EF1F5FE67100A2B77C /* GBPingSummary.m */; };
		2E6721F51F5FE67100A2B77C /* IpManage.m in Sources */ = {isa = PBXBuildFile; fileRef = 2E6721F21F5FE67100A2B77C /* IpManage.m */; };
		2E92CF341F6290D2002F5FC5 /* NSURLProtocol+WKWebVIew.m in Sources */ = {isa = PBXBuildFile; fileRef = 2E92CF311F6290D2002F5FC5 /* NSURLProtocol+WKWebVIew.m */; };
		2E92CF351F6290D2002F5FC5 /* HybridNSURLProtocol.m in Sources */ = {isa = PBXBuildFile; fileRef = 2E92CF331F6290D2002F5FC5 /* HybridNSURLProtocol.m */; };
		2ED0156B1F5E9A460067F611 /* main.m in Sources */ = {isa = PBXBuildFile; fileRef = 2ED0156A1F5E9A460067F611 /* main.m */; };
		2ED0156E1F5E9A460067F611 /* AppDelegate.m in Sources */ = {isa = PBXBuildFile; fileRef = 2ED0156D1F5E9A460067F611 /* AppDelegate.m */; };
		2ED015711F5E9A460067F611 /* ViewController.m in Sources */ = {isa = PBXBuildFile; fileRef = 2ED015701F5E9A460067F611 /* ViewController.m */; };
		2ED015741F5E9A460067F611 /* Main.storyboard in Resources */ = {isa = PBXBuildFile; fileRef = 2ED015721F5E9A460067F611 /* Main.storyboard */; };
		2ED015761F5E9A460067F611 /* Assets.xcassets in Resources */ = {isa = PBXBuildFile; fileRef = 2ED015751F5E9A460067F611 /* Assets.xcassets */; };
		2ED015791F5E9A460067F611 /* LaunchScreen.storyboard in Resources */ = {isa = PBXBuildFile; fileRef = 2ED015771F5E9A460067F611 /* LaunchScreen.storyboard */; };
		2ED015841F5E9A460067F611 /* JiOSDNSTests.m in Sources */ = {isa = PBXBuildFile; fileRef = 2ED015831F5E9A460067F611 /* JiOSDNSTests.m */; };
		2ED0158F1F5E9A460067F611 /* JiOSDNSUITests.m in Sources */ = {isa = PBXBuildFile; fileRef = 2ED0158E1F5E9A460067F611 /* JiOSDNSUITests.m */; };
		2ED59A7B1F60E57C00EDA90B /* libresolv.tbd in Frameworks */ = {isa = PBXBuildFile; fileRef = 2ED59A7A1F60E57C00EDA90B /* libresolv.tbd */; };
/* End PBXBuildFile section */

/* Begin PBXContainerItemProxy section */
		2ED015801F5E9A460067F611 /* PBXContainerItemProxy */ = {
			isa = PBXContainerItemProxy;
			containerPortal = 2ED0155E1F5E9A460067F611 /* Project object */;
			proxyType = 1;
			remoteGlobalIDString = 2ED015651F5E9A460067F611;
			remoteInfo = JiOSDNS;
		};
		2ED0158B1F5E9A460067F611 /* PBXContainerItemProxy */ = {
			isa = PBXContainerItemProxy;
			containerPortal = 2ED0155E1F5E9A460067F611 /* Project object */;
			proxyType = 1;
			remoteGlobalIDString = 2ED015651F5E9A460067F611;
			remoteInfo = JiOSDNS;
		};
/* End PBXContainerItemProxy section */

/* Begin PBXFileReference section */
		2E6721D31F5F96B400A2B77C /* AppDNSMapper.h */ = {isa = PBXFileReference; fileEncoding = 4; lastKnownFileType = sourcecode.c.h; name = AppDNSMapper.h; path = Base/AppDNSMapper.h; sourceTree = "<group>"; };
		2E6721D41F5F96B400A2B77C /* AppDNSMapper.m */ = {isa = PBXFileReference; fileEncoding = 4; lastKnownFileType = sourcecode.c.objc; name = AppDNSMapper.m; path = Base/AppDNSMapper.m; sourceTree = "<group>"; };
		2E6721D61F5F96BF00A2B77C /* AppDNSInterceptor.h */ = {isa = PBXFileReference; fileEncoding = 4; lastKnownFileType = sourcecode.c.h; name = AppDNSInterceptor.h; path = Intercept/AppDNSInterceptor.h; sourceTree = "<group>"; };
		2E6721D71F5F96BF00A2B77C /* AppDNSInterceptor.m */ = {isa = PBXFileReference; fileEncoding = 4; lastKnownFileType = sourcecode.c.objc; name = AppDNSInterceptor.m; path = Intercept/AppDNSInterceptor.m; sourceTree = "<group>"; };
		2E6721D91F5F997600A2B77C /* AppDNSParser.h */ = {isa = PBXFileReference; fileEncoding = 4; lastKnownFileType = sourcecode.c.h; name = AppDNSParser.h; path = Base/AppDNSParser.h; sourceTree = "<group>"; };
		2E6721DA1F5F997600A2B77C /* AppDNSParser.m */ = {isa = PBXFileReference; fileEncoding = 4; lastKnownFileType = sourcecode.c.objc; name = AppDNSParser.m; path = Base/AppDNSParser.m; sourceTree = "<group>"; };
		2E6721DC1F5FA78E00A2B77C /* AppDNSCache.h */ = {isa = PBXFileReference; fileEncoding = 4; lastKnownFileType = sourcecode.c.h; name = AppDNSCache.h; path = Base/AppDNSCache.h; sourceTree = "<group>"; };
		2E6721DD1F5FA78E00A2B77C /* AppDNSCache.m */ = {isa = PBXFileReference; fileEncoding = 4; lastKnownFileType = sourcecode.c.objc; name = AppDNSCache.m; path = Base/AppDNSCache.m; sourceTree = "<group>"; };
		2E6721DF1F5FA92A00A2B77C /* AppDNSPList.plist */ = {isa = PBXFileReference; fileEncoding = 4; lastKnownFileType = text.plist.xml; name = AppDNSPList.plist; path = Base/AppDNSPList.plist; sourceTree = "<group>"; };
		2E6721E11F5FCC4F00A2B77C /* NSString+AppValidIP.h */ = {isa = PBXFileReference; fileEncoding = 4; lastKnownFileType = sourcecode.c.h; name = "NSString+AppValidIP.h"; path = "util/NSString+AppValidIP.h"; sourceTree = "<group>"; };
		2E6721E21F5FCC4F00A2B77C /* NSString+AppValidIP.m */ = {isa = PBXFileReference; fileEncoding = 4; lastKnownFileType = sourcecode.c.objc; name = "NSString+AppValidIP.m"; path = "util/NSString+AppValidIP.m"; sourceTree = "<group>"; };
		2E6721E81F5FD43E00A2B77C /* AppDNSFilterRule.h */ = {isa = PBXFileReference; fileEncoding = 4; lastKnownFileType = sourcecode.c.h; name = AppDNSFilterRule.h; path = Base/AppDNSFilterRule.h; sourceTree = "<group>"; };
		2E6721E91F5FD43E00A2B77C /* AppDNSFilterRule.m */ = {isa = PBXFileReference; fileEncoding = 4; lastKnownFileType = sourcecode.c.objc; name = AppDNSFilterRule.m; path = Base/AppDNSFilterRule.m; sourceTree = "<group>"; };
		2E6721EC1F5FE67100A2B77C /* GBPing.h */ = {isa = PBXFileReference; fileEncoding = 4; lastKnownFileType = sourcecode.c.h; path = GBPing.h; sourceTree = "<group>"; };
		2E6721ED1F5FE67100A2B77C /* GBPing.m */ = {isa = PBXFileReference; fileEncoding = 4; lastKnownFileType = sourcecode.c.objc; path = GBPing.m; sourceTree = "<group>"; };
		2E6721EE1F5FE67100A2B77C /* GBPingSummary.h */ = {isa = PBXFileReference; fileEncoding = 4; lastKnownFileType = sourcecode.c.h; path = GBPingSummary.h; sourceTree = "<group>"; };
		2E6721EF1F5FE67100A2B77C /* GBPingSummary.m */ = {isa = PBXFileReference; fileEncoding = 4; lastKnownFileType = sourcecode.c.objc; path = GBPingSummary.m; sourceTree = "<group>"; };
		2E6721F01F5FE67100A2B77C /* ICMPHeader.h */ = {isa = PBXFileReference; fileEncoding = 4; lastKnownFileType = sourcecode.c.h; path = ICMPHeader.h; sourceTree = "<group>"; };
		2E6721F11F5FE67100A2B77C /* IpManage.h */ = {isa = PBXFileReference; fileEncoding = 4; lastKnownFileType = sourcecode.c.h; path = IpManage.h; sourceTree = "<group>"; };
		2E6721F21F5FE67100A2B77C /* IpManage.m */ = {isa = PBXFileReference; fileEncoding = 4; lastKnownFileType = sourcecode.c.objc; path = IpManage.m; sourceTree = "<group>"; };
		2E92CF301F6290D2002F5FC5 /* NSURLProtocol+WKWebVIew.h */ = {isa = PBXFileReference; fileEncoding = 4; lastKnownFileType = sourcecode.c.h; path = "NSURLProtocol+WKWebVIew.h"; sourceTree = "<group>"; };
		2E92CF311F6290D2002F5FC5 /* NSURLProtocol+WKWebVIew.m */ = {isa = PBXFileReference; fileEncoding = 4; lastKnownFileType = sourcecode.c.objc; path = "NSURLProtocol+WKWebVIew.m"; sourceTree = "<group>"; };
		2E92CF321F6290D2002F5FC5 /* HybridNSURLProtocol.h */ = {isa = PBXFileReference; fileEncoding = 4; lastKnownFileType = sourcecode.c.h; path = HybridNSURLProtocol.h; sourceTree = "<group>"; };
		2E92CF331F6290D2002F5FC5 /* HybridNSURLProtocol.m */ = {isa = PBXFileReference; fileEncoding = 4; lastKnownFileType = sourcecode.c.objc; path = HybridNSURLProtocol.m; sourceTree = "<group>"; };
		2ED015661F5E9A460067F611 /* JiOSDNS.app */ = {isa = PBXFileReference; explicitFileType = wrapper.application; includeInIndex = 0; path = JiOSDNS.app; sourceTree = BUILT_PRODUCTS_DIR; };
		2ED0156A1F5E9A460067F611 /* main.m */ = {isa = PBXFileReference; lastKnownFileType = sourcecode.c.objc; path = main.m; sourceTree = "<group>"; };
		2ED0156C1F5E9A460067F611 /* AppDelegate.h */ = {isa = PBXFileReference; lastKnownFileType = sourcecode.c.h; path = AppDelegate.h; sourceTree = "<group>"; };
		2ED0156D1F5E9A460067F611 /* AppDelegate.m */ = {isa = PBXFileReference; lastKnownFileType = sourcecode.c.objc; path = AppDelegate.m; sourceTree = "<group>"; };
		2ED0156F1F5E9A460067F611 /* ViewController.h */ = {isa = PBXFileReference; lastKnownFileType = sourcecode.c.h; path = ViewController.h; sourceTree = "<group>"; };
		2ED015701F5E9A460067F611 /* ViewController.m */ = {isa = PBXFileReference; lastKnownFileType = sourcecode.c.objc; path = ViewController.m; sourceTree = "<group>"; };
		2ED015731F5E9A460067F611 /* Base */ = {isa = PBXFileReference; lastKnownFileType = file.storyboard; name = Base; path = Base.lproj/Main.storyboard; sourceTree = "<group>"; };
		2ED015751F5E9A460067F611 /* Assets.xcassets */ = {isa = PBXFileReference; lastKnownFileType = folder.assetcatalog; path = Assets.xcassets; sourceTree = "<group>"; };
		2ED015781F5E9A460067F611 /* Base */ = {isa = PBXFileReference; lastKnownFileType = file.storyboard; name = Base; path = Base.lproj/LaunchScreen.storyboard; sourceTree = "<group>"; };
		2ED0157A1F5E9A460067F611 /* Info.plist */ = {isa = PBXFileReference; lastKnownFileType = text.plist.xml; path = Info.plist; sourceTree = "<group>"; };
		2ED0157F1F5E9A460067F611 /* JiOSDNSTests.xctest */ = {isa = PBXFileReference; explicitFileType = wrapper.cfbundle; includeInIndex = 0; path = JiOSDNSTests.xctest; sourceTree = BUILT_PRODUCTS_DIR; };
		2ED015831F5E9A460067F611 /* JiOSDNSTests.m */ = {isa = PBXFileReference; lastKnownFileType = sourcecode.c.objc; path = JiOSDNSTests.m; sourceTree = "<group>"; };
		2ED015851F5E9A460067F611 /* Info.plist */ = {isa = PBXFileReference; lastKnownFileType = text.plist.xml; path = Info.plist; sourceTree = "<group>"; };
		2ED0158A1F5E9A460067F611 /* JiOSDNSUITests.xctest */ = {isa = PBXFileReference; explicitFileType = wrapper.cfbundle; includeInIndex = 0; path = JiOSDNSUITests.xctest; sourceTree = BUILT_PRODUCTS_DIR; };
		2ED0158E1F5E9A460067F611 /* JiOSDNSUITests.m */ = {isa = PBXFileReference; lastKnownFileType = sourcecode.c.objc; path = JiOSDNSUITests.m; sourceTree = "<group>"; };
		2ED015901F5E9A460067F611 /* Info.plist */ = {isa = PBXFileReference; lastKnownFileType = text.plist.xml; path = Info.plist; sourceTree = "<group>"; };
		2ED59A7A1F60E57C00EDA90B /* libresolv.tbd */ = {isa = PBXFileReference; lastKnownFileType = "sourcecode.text-based-dylib-definition"; name = libresolv.tbd; path = usr/lib/libresolv.tbd; sourceTree = SDKROOT; };
/* End PBXFileReference section */

/* Begin PBXFrameworksBuildPhase section */
		2ED015631F5E9A460067F611 /* Frameworks */ = {
			isa = PBXFrameworksBuildPhase;
			buildActionMask = 2147483647;
			files = (
				2ED59A7B1F60E57C00EDA90B /* libresolv.tbd in Frameworks */,
			);
			runOnlyForDeploymentPostprocessing = 0;
		};
		2ED0157C1F5E9A460067F611 /* Frameworks */ = {
			isa = PBXFrameworksBuildPhase;
			buildActionMask = 2147483647;
			files = (
			);
			runOnlyForDeploymentPostprocessing = 0;
		};
		2ED015871F5E9A460067F611 /* Frameworks */ = {
			isa = PBXFrameworksBuildPhase;
			buildActionMask = 2147483647;
			files = (
			);
			runOnlyForDeploymentPostprocessing = 0;
		};
/* End PBXFrameworksBuildPhase section */

/* Begin PBXGroup section */
		2E6721CA1F5F954300A2B77C /* AppDNS */ = {
			isa = PBXGroup;
			children = (
				2E6721EB1F5FE67100A2B77C /* ping */,
				2E6721D21F5F967800A2B77C /*  Base */,
				2E6721D11F5F966900A2B77C /* Interceptor */,
				2E6721E41F5FCC5400A2B77C /* util */,
			);
			path = AppDNS;
			sourceTree = "<group>";
		};
		2E6721D11F5F966900A2B77C /* Interceptor */ = {
			isa = PBXGroup;
			children = (
				2E6721D61F5F96BF00A2B77C /* AppDNSInterceptor.h */,
				2E6721D71F5F96BF00A2B77C /* AppDNSInterceptor.m */,
				2E92CF301F6290D2002F5FC5 /* NSURLProtocol+WKWebVIew.h */,
				2E92CF311F6290D2002F5FC5 /* NSURLProtocol+WKWebVIew.m */,
				2E92CF321F6290D2002F5FC5 /* HybridNSURLProtocol.h */,
				2E92CF331F6290D2002F5FC5 /* HybridNSURLProtocol.m */,
			);
			name = Interceptor;
			sourceTree = "<group>";
		};
		2E6721D21F5F967800A2B77C /*  Base */ = {
			isa = PBXGroup;
			children = (
				2E6721D31F5F96B400A2B77C /* AppDNSMapper.h */,
				2E6721D41F5F96B400A2B77C /* AppDNSMapper.m */,
				2E6721E81F5FD43E00A2B77C /* AppDNSFilterRule.h */,
				2E6721E91F5FD43E00A2B77C /* AppDNSFilterRule.m */,
				2E6721D91F5F997600A2B77C /* AppDNSParser.h */,
				2E6721DA1F5F997600A2B77C /* AppDNSParser.m */,
				2E6721DC1F5FA78E00A2B77C /* AppDNSCache.h */,
				2E6721DD1F5FA78E00A2B77C /* AppDNSCache.m */,
				2E6721DF1F5FA92A00A2B77C /* AppDNSPList.plist */,
			);
			name = " Base";
			sourceTree = "<group>";
		};
		2E6721E41F5FCC5400A2B77C /* util */ = {
			isa = PBXGroup;
			children = (
				2E6721E11F5FCC4F00A2B77C /* NSString+AppValidIP.h */,
				2E6721E21F5FCC4F00A2B77C /* NSString+AppValidIP.m */,
			);
			name = util;
			sourceTree = "<group>";
		};
		2E6721EB1F5FE67100A2B77C /* ping */ = {
			isa = PBXGroup;
			children = (
				2E6721EC1F5FE67100A2B77C /* GBPing.h */,
				2E6721ED1F5FE67100A2B77C /* GBPing.m */,
				2E6721EE1F5FE67100A2B77C /* GBPingSummary.h */,
				2E6721EF1F5FE67100A2B77C /* GBPingSummary.m */,
				2E6721F01F5FE67100A2B77C /* ICMPHeader.h */,
				2E6721F11F5FE67100A2B77C /* IpManage.h */,
				2E6721F21F5FE67100A2B77C /* IpManage.m */,
			);
			path = ping;
			sourceTree = "<group>";
		};
		2ED0155D1F5E9A460067F611 = {
			isa = PBXGroup;
			children = (
				2E6721CA1F5F954300A2B77C /* AppDNS */,
				2ED015681F5E9A460067F611 /* JiOSDNS */,
				2ED015821F5E9A460067F611 /* JiOSDNSTests */,
				2ED0158D1F5E9A460067F611 /* JiOSDNSUITests */,
				2ED015671F5E9A460067F611 /* Products */,
				2ED59A791F60E57C00EDA90B /* Frameworks */,
			);
			sourceTree = "<group>";
		};
		2ED015671F5E9A460067F611 /* Products */ = {
			isa = PBXGroup;
			children = (
				2ED015661F5E9A460067F611 /* JiOSDNS.app */,
				2ED0157F1F5E9A460067F611 /* JiOSDNSTests.xctest */,
				2ED0158A1F5E9A460067F611 /* JiOSDNSUITests.xctest */,
			);
			name = Products;
			sourceTree = "<group>";
		};
		2ED015681F5E9A460067F611 /* JiOSDNS */ = {
			isa = PBXGroup;
			children = (
				2ED0156C1F5E9A460067F611 /* AppDelegate.h */,
				2ED0156D1F5E9A460067F611 /* AppDelegate.m */,
				2ED0156F1F5E9A460067F611 /* ViewController.h */,
				2ED015701F5E9A460067F611 /* ViewController.m */,
				2ED015721F5E9A460067F611 /* Main.storyboard */,
				2ED015751F5E9A460067F611 /* Assets.xcassets */,
				2ED015771F5E9A460067F611 /* LaunchScreen.storyboard */,
				2ED0157A1F5E9A460067F611 /* Info.plist */,
				2ED015691F5E9A460067F611 /* Supporting Files */,
			);
			path = JiOSDNS;
			sourceTree = "<group>";
		};
		2ED015691F5E9A460067F611 /* Supporting Files */ = {
			isa = PBXGroup;
			children = (
				2ED0156A1F5E9A460067F611 /* main.m */,
			);
			name = "Supporting Files";
			sourceTree = "<group>";
		};
		2ED015821F5E9A460067F611 /* JiOSDNSTests */ = {
			isa = PBXGroup;
			children = (
				2ED015831F5E9A460067F611 /* JiOSDNSTests.m */,
				2ED015851F5E9A460067F611 /* Info.plist */,
			);
			path = JiOSDNSTests;
			sourceTree = "<group>";
		};
		2ED0158D1F5E9A460067F611 /* JiOSDNSUITests */ = {
			isa = PBXGroup;
			children = (
				2ED0158E1F5E9A460067F611 /* JiOSDNSUITests.m */,
				2ED015901F5E9A460067F611 /* Info.plist */,
			);
			path = JiOSDNSUITests;
			sourceTree = "<group>";
		};
		2ED59A791F60E57C00EDA90B /* Frameworks */ = {
			isa = PBXGroup;
			children = (
				2ED59A7A1F60E57C00EDA90B /* libresolv.tbd */,
			);
			name = Frameworks;
			sourceTree = "<group>";
		};
/* End PBXGroup section */

/* Begin PBXNativeTarget section */
		2ED015651F5E9A460067F611 /* JiOSDNS */ = {
			isa = PBXNativeTarget;
			buildConfigurationList = 2ED015931F5E9A460067F611 /* Build configuration list for PBXNativeTarget "JiOSDNS" */;
			buildPhases = (
				2ED015621F5E9A460067F611 /* Sources */,
				2ED015631F5E9A460067F611 /* Frameworks */,
				2ED015641F5E9A460067F611 /* Resources */,
			);
			buildRules = (
			);
			dependencies = (
			);
			name = JiOSDNS;
			productName = JiOSDNS;
			productReference = 2ED015661F5E9A460067F611 /* JiOSDNS.app */;
			productType = "com.apple.product-type.application";
		};
		2ED0157E1F5E9A460067F611 /* JiOSDNSTests */ = {
			isa = PBXNativeTarget;
			buildConfigurationList = 2ED015961F5E9A460067F611 /* Build configuration list for PBXNativeTarget "JiOSDNSTests" */;
			buildPhases = (
				2ED0157B1F5E9A460067F611 /* Sources */,
				2ED0157C1F5E9A460067F611 /* Frameworks */,
				2ED0157D1F5E9A460067F611 /* Resources */,
			);
			buildRules = (
			);
			dependencies = (
				2ED015811F5E9A460067F611 /* PBXTargetDependency */,
			);
			name = JiOSDNSTests;
			productName = JiOSDNSTests;
			productReference = 2ED0157F1F5E9A460067F611 /* JiOSDNSTests.xctest */;
			productType = "com.apple.product-type.bundle.unit-test";
		};
		2ED015891F5E9A460067F611 /* JiOSDNSUITests */ = {
			isa = PBXNativeTarget;
			buildConfigurationList = 2ED015991F5E9A460067F611 /* Build configuration list for PBXNativeTarget "JiOSDNSUITests" */;
			buildPhases = (
				2ED015861F5E9A460067F611 /* Sources */,
				2ED015871F5E9A460067F611 /* Frameworks */,
				2ED015881F5E9A460067F611 /* Resources */,
			);
			buildRules = (
			);
			dependencies = (
				2ED0158C1F5E9A460067F611 /* PBXTargetDependency */,
			);
			name = JiOSDNSUITests;
			productName = JiOSDNSUITests;
			productReference = 2ED0158A1F5E9A460067F611 /* JiOSDNSUITests.xctest */;
			productType = "com.apple.product-type.bundle.ui-testing";
		};
/* End PBXNativeTarget section */

/* Begin PBXProject section */
		2ED0155E1F5E9A460067F611 /* Project object */ = {
			isa = PBXProject;
			attributes = {
				LastUpgradeCheck = 0830;
				ORGANIZATIONNAME = "蔡杰";
				TargetAttributes = {
					2ED015651F5E9A460067F611 = {
						CreatedOnToolsVersion = 8.3.3;
						ProvisioningStyle = Automatic;
					};
					2ED0157E1F5E9A460067F611 = {
						CreatedOnToolsVersion = 8.3.3;
						ProvisioningStyle = Automatic;
						TestTargetID = 2ED015651F5E9A460067F611;
					};
					2ED015891F5E9A460067F611 = {
						CreatedOnToolsVersion = 8.3.3;
						ProvisioningStyle = Automatic;
						TestTargetID = 2ED015651F5E9A460067F611;
					};
				};
			};
			buildConfigurationList = 2ED015611F5E9A460067F611 /* Build configuration list for PBXProject "JiOSDNS" */;
			compatibilityVersion = "Xcode 3.2";
			developmentRegion = English;
			hasScannedForEncodings = 0;
			knownRegions = (
				en,
				Base,
			);
			mainGroup = 2ED0155D1F5E9A460067F611;
			productRefGroup = 2ED015671F5E9A460067F611 /* Products */;
			projectDirPath = "";
			projectRoot = "";
			targets = (
				2ED015651F5E9A460067F611 /* JiOSDNS */,
				2ED0157E1F5E9A460067F611 /* JiOSDNSTests */,
				2ED015891F5E9A460067F611 /* JiOSDNSUITests */,
			);
		};
/* End PBXProject section */

/* Begin PBXResourcesBuildPhase section */
		2ED015641F5E9A460067F611 /* Resources */ = {
			isa = PBXResourcesBuildPhase;
			buildActionMask = 2147483647;
			files = (
				2ED015791F5E9A460067F611 /* LaunchScreen.storyboard in Resources */,
				2E6721E01F5FA92B00A2B77C /* AppDNSPList.plist in Resources */,
				2ED015761F5E9A460067F611 /* Assets.xcassets in Resources */,
				2ED015741F5E9A460067F611 /* Main.storyboard in Resources */,
			);
			runOnlyForDeploymentPostprocessing = 0;
		};
		2ED0157D1F5E9A460067F611 /* Resources */ = {
			isa = PBXResourcesBuildPhase;
			buildActionMask = 2147483647;
			files = (
			);
			runOnlyForDeploymentPostprocessing = 0;
		};
		2ED015881F5E9A460067F611 /* Resources */ = {
			isa = PBXResourcesBuildPhase;
			buildActionMask = 2147483647;
			files = (
			);
			runOnlyForDeploymentPostprocessing = 0;
		};
/* End PBXResourcesBuildPhase section */

/* Begin PBXSourcesBuildPhase section */
		2ED015621F5E9A460067F611 /* Sources */ = {
			isa = PBXSourcesBuildPhase;
			buildActionMask = 2147483647;
			files = (
				2E6721F31F5FE67100A2B77C /* GBPing.m in Sources */,
				2E6721DB1F5F997600A2B77C /* AppDNSParser.m in Sources */,
				2E6721DE1F5FA78E00A2B77C /* AppDNSCache.m in Sources */,
				2ED015711F5E9A460067F611 /* ViewController.m in Sources */,
				2ED0156E1F5E9A460067F611 /* AppDelegate.m in Sources */,
				2E92CF341F6290D2002F5FC5 /* NSURLProtocol+WKWebVIew.m in Sources */,
				2E6721D81F5F96BF00A2B77C /* AppDNSInterceptor.m in Sources */,
				2E6721F41F5FE67100A2B77C /* GBPingSummary.m in Sources */,
				2E92CF351F6290D2002F5FC5 /* HybridNSURLProtocol.m in Sources */,
				2E6721E31F5FCC4F00A2B77C /* NSString+AppValidIP.m in Sources */,
				2E6721D51F5F96B400A2B77C /* AppDNSMapper.m in Sources */,
				2E6721EA1F5FD43E00A2B77C /* AppDNSFilterRule.m in Sources */,
				2ED0156B1F5E9A460067F611 /* main.m in Sources */,
				2E6721F51F5FE67100A2B77C /* IpManage.m in Sources */,
			);
			runOnlyForDeploymentPostprocessing = 0;
		};
		2ED0157B1F5E9A460067F611 /* Sources */ = {
			isa = PBXSourcesBuildPhase;
			buildActionMask = 2147483647;
			files = (
				2ED015841F5E9A460067F611 /* JiOSDNSTests.m in Sources */,
			);
			runOnlyForDeploymentPostprocessing = 0;
		};
		2ED015861F5E9A460067F611 /* Sources */ = {
			isa = PBXSourcesBuildPhase;
			buildActionMask = 2147483647;
			files = (
				2ED0158F1F5E9A460067F611 /* JiOSDNSUITests.m in Sources */,
			);
			runOnlyForDeploymentPostprocessing = 0;
		};
/* End PBXSourcesBuildPhase section */

/* Begin PBXTargetDependency section */
		2ED015811F5E9A460067F611 /* PBXTargetDependency */ = {
			isa = PBXTargetDependency;
			target = 2ED015651F5E9A460067F611 /* JiOSDNS */;
			targetProxy = 2ED015801F5E9A460067F611 /* PBXContainerItemProxy */;
		};
		2ED0158C1F5E9A460067F611 /* PBXTargetDependency */ = {
			isa = PBXTargetDependency;
			target = 2ED015651F5E9A460067F611 /* JiOSDNS */;
			targetProxy = 2ED0158B1F5E9A460067F611 /* PBXContainerItemProxy */;
		};
/* End PBXTargetDependency section */

/* Begin PBXVariantGroup section */
		2ED015721F5E9A460067F611 /* Main.storyboard */ = {
			isa = PBXVariantGroup;
			children = (
				2ED015731F5E9A460067F611 /* Base */,
			);
			name = Main.storyboard;
			sourceTree = "<group>";
		};
		2ED015771F5E9A460067F611 /* LaunchScreen.storyboard */ = {
			isa = PBXVariantGroup;
			children = (
				2ED015781F5E9A460067F611 /* Base */,
			);
			name = LaunchScreen.storyboard;
			sourceTree = "<group>";
		};
/* End PBXVariantGroup section */

/* Begin XCBuildConfiguration section */
		2ED015911F5E9A460067F611 /* Debug */ = {
			isa = XCBuildConfiguration;
			buildSettings = {
				ALWAYS_SEARCH_USER_PATHS = NO;
				CLANG_ANALYZER_NONNULL = YES;
				CLANG_ANALYZER_NUMBER_OBJECT_CONVERSION = YES_AGGRESSIVE;
				CLANG_CXX_LANGUAGE_STANDARD = "gnu++0x";
				CLANG_CXX_LIBRARY = "libc++";
				CLANG_ENABLE_MODULES = YES;
				CLANG_ENABLE_OBJC_ARC = YES;
				CLANG_WARN_BOOL_CONVERSION = YES;
				CLANG_WARN_CONSTANT_CONVERSION = YES;
				CLANG_WARN_DIRECT_OBJC_ISA_USAGE = YES_ERROR;
				CLANG_WARN_DOCUMENTATION_COMMENTS = YES;
				CLANG_WARN_EMPTY_BODY = YES;
				CLANG_WARN_ENUM_CONVERSION = YES;
				CLANG_WARN_INFINITE_RECURSION = YES;
				CLANG_WARN_INT_CONVERSION = YES;
				CLANG_WARN_OBJC_ROOT_CLASS = YES_ERROR;
				CLANG_WARN_SUSPICIOUS_MOVE = YES;
				CLANG_WARN_UNREACHABLE_CODE = YES;
				CLANG_WARN__DUPLICATE_METHOD_MATCH = YES;
				"CODE_SIGN_IDENTITY[sdk=iphoneos*]" = "iPhone Developer";
				COPY_PHASE_STRIP = NO;
				DEBUG_INFORMATION_FORMAT = dwarf;
				ENABLE_STRICT_OBJC_MSGSEND = YES;
				ENABLE_TESTABILITY = YES;
				GCC_C_LANGUAGE_STANDARD = gnu99;
				GCC_DYNAMIC_NO_PIC = NO;
				GCC_NO_COMMON_BLOCKS = YES;
				GCC_OPTIMIZATION_LEVEL = 0;
				GCC_PREPROCESSOR_DEFINITIONS = (
					"DEBUG=1",
					"$(inherited)",
				);
				GCC_WARN_64_TO_32_BIT_CONVERSION = YES;
				GCC_WARN_ABOUT_RETURN_TYPE = YES_ERROR;
				GCC_WARN_UNDECLARED_SELECTOR = YES;
				GCC_WARN_UNINITIALIZED_AUTOS = YES_AGGRESSIVE;
				GCC_WARN_UNUSED_FUNCTION = YES;
				GCC_WARN_UNUSED_VARIABLE = YES;
				IPHONEOS_DEPLOYMENT_TARGET = 10.3;
				MTL_ENABLE_DEBUG_INFO = YES;
				ONLY_ACTIVE_ARCH = YES;
				SDKROOT = iphoneos;
			};
			name = Debug;
		};
		2ED015921F5E9A460067F611 /* Release */ = {
			isa = XCBuildConfiguration;
			buildSettings = {
				ALWAYS_SEARCH_USER_PATHS = NO;
				CLANG_ANALYZER_NONNULL = YES;
				CLANG_ANALYZER_NUMBER_OBJECT_CONVERSION = YES_AGGRESSIVE;
				CLANG_CXX_LANGUAGE_STANDARD = "gnu++0x";
				CLANG_CXX_LIBRARY = "libc++";
				CLANG_ENABLE_MODULES = YES;
				CLANG_ENABLE_OBJC_ARC = YES;
				CLANG_WARN_BOOL_CONVERSION = YES;
				CLANG_WARN_CONSTANT_CONVERSION = YES;
				CLANG_WARN_DIRECT_OBJC_ISA_USAGE = YES_ERROR;
				CLANG_WARN_DOCUMENTATION_COMMENTS = YES;
				CLANG_WARN_EMPTY_BODY = YES;
				CLANG_WARN_ENUM_CONVERSION = YES;
				CLANG_WARN_INFINITE_RECURSION = YES;
				CLANG_WARN_INT_CONVERSION = YES;
				CLANG_WARN_OBJC_ROOT_CLASS = YES_ERROR;
				CLANG_WARN_SUSPICIOUS_MOVE = YES;
				CLANG_WARN_UNREACHABLE_CODE = YES;
				CLANG_WARN__DUPLICATE_METHOD_MATCH = YES;
				"CODE_SIGN_IDENTITY[sdk=iphoneos*]" = "iPhone Developer";
				COPY_PHASE_STRIP = NO;
				DEBUG_INFORMATION_FORMAT = "dwarf-with-dsym";
				ENABLE_NS_ASSERTIONS = NO;
				ENABLE_STRICT_OBJC_MSGSEND = YES;
				GCC_C_LANGUAGE_STANDARD = gnu99;
				GCC_NO_COMMON_BLOCKS = YES;
				GCC_WARN_64_TO_32_BIT_CONVERSION = YES;
				GCC_WARN_ABOUT_RETURN_TYPE = YES_ERROR;
				GCC_WARN_UNDECLARED_SELECTOR = YES;
				GCC_WARN_UNINITIALIZED_AUTOS = YES_AGGRESSIVE;
				GCC_WARN_UNUSED_FUNCTION = YES;
				GCC_WARN_UNUSED_VARIABLE = YES;
				IPHONEOS_DEPLOYMENT_TARGET = 10.3;
				MTL_ENABLE_DEBUG_INFO = NO;
				SDKROOT = iphoneos;
				VALIDATE_PRODUCT = YES;
			};
			name = Release;
		};
		2ED015941F5E9A460067F611 /* Debug */ = {
			isa = XCBuildConfiguration;
			buildSettings = {
				ASSETCATALOG_COMPILER_APPICON_NAME = AppIcon;
				INFOPLIST_FILE = JiOSDNS/Info.plist;
				LD_RUNPATH_SEARCH_PATHS = "$(inherited) @executable_path/Frameworks";
				PRODUCT_BUNDLE_IDENTIFIER = com.Allan.JiOSDNS;
				PRODUCT_NAME = "$(TARGET_NAME)";
			};
			name = Debug;
		};
		2ED015951F5E9A460067F611 /* Release */ = {
			isa = XCBuildConfiguration;
			buildSettings = {
				ASSETCATALOG_COMPILER_APPICON_NAME = AppIcon;
				INFOPLIST_FILE = JiOSDNS/Info.plist;
				LD_RUNPATH_SEARCH_PATHS = "$(inherited) @executable_path/Frameworks";
				PRODUCT_BUNDLE_IDENTIFIER = com.Allan.JiOSDNS;
				PRODUCT_NAME = "$(TARGET_NAME)";
			};
			name = Release;
		};
		2ED015971F5E9A460067F611 /* Debug */ = {
			isa = XCBuildConfiguration;
			buildSettings = {
				BUNDLE_LOADER = "$(TEST_HOST)";
				INFOPLIST_FILE = JiOSDNSTests/Info.plist;
				LD_RUNPATH_SEARCH_PATHS = "$(inherited) @executable_path/Frameworks @loader_path/Frameworks";
				PRODUCT_BUNDLE_IDENTIFIER = com.Allan.JiOSDNSTests;
				PRODUCT_NAME = "$(TARGET_NAME)";
				TEST_HOST = "$(BUILT_PRODUCTS_DIR)/JiOSDNS.app/JiOSDNS";
			};
			name = Debug;
		};
		2ED015981F5E9A460067F611 /* Release */ = {
			isa = XCBuildConfiguration;
			buildSettings = {
				BUNDLE_LOADER = "$(TEST_HOST)";
				INFOPLIST_FILE = JiOSDNSTests/Info.plist;
				LD_RUNPATH_SEARCH_PATHS = "$(inherited) @executable_path/Frameworks @loader_path/Frameworks";
				PRODUCT_BUNDLE_IDENTIFIER = com.Allan.JiOSDNSTests;
				PRODUCT_NAME = "$(TARGET_NAME)";
				TEST_HOST = "$(BUILT_PRODUCTS_DIR)/JiOSDNS.app/JiOSDNS";
			};
			name = Release;
		};
		2ED0159A1F5E9A460067F611 /* Debug */ = {
			isa = XCBuildConfiguration;
			buildSettings = {
				INFOPLIST_FILE = JiOSDNSUITests/Info.plist;
				LD_RUNPATH_SEARCH_PATHS = "$(inherited) @executable_path/Frameworks @loader_path/Frameworks";
				PRODUCT_BUNDLE_IDENTIFIER = com.Allan.JiOSDNSUITests;
				PRODUCT_NAME = "$(TARGET_NAME)";
				TEST_TARGET_NAME = JiOSDNS;
			};
			name = Debug;
		};
		2ED0159B1F5E9A460067F611 /* Release */ = {
			isa = XCBuildConfiguration;
			buildSettings = {
				INFOPLIST_FILE = JiOSDNSUITests/Info.plist;
				LD_RUNPATH_SEARCH_PATHS = "$(inherited) @executable_path/Frameworks @loader_path/Frameworks";
				PRODUCT_BUNDLE_IDENTIFIER = com.Allan.JiOSDNSUITests;
				PRODUCT_NAME = "$(TARGET_NAME)";
				TEST_TARGET_NAME = JiOSDNS;
			};
			name = Release;
		};
/* End XCBuildConfiguration section */

/* Begin XCConfigurationList section */
		2ED015611F5E9A460067F611 /* Build configuration list for PBXProject "JiOSDNS" */ = {
			isa = XCConfigurationList;
			buildConfigurations = (
				2ED015911F5E9A460067F611 /* Debug */,
				2ED015921F5E9A460067F611 /* Release */,
			);
			defaultConfigurationIsVisible = 0;
			defaultConfigurationName = Release;
		};
		2ED015931F5E9A460067F611 /* Build configuration list for PBXNativeTarget "JiOSDNS" */ = {
			isa = XCConfigurationList;
			buildConfigurations = (
				2ED015941F5E9A460067F611 /* Debug */,
				2ED015951F5E9A460067F611 /* Release */,
			);
			defaultConfigurationIsVisible = 0;
			defaultConfigurationName = Release;
		};
		2ED015961F5E9A460067F611 /* Build configuration list for PBXNativeTarget "JiOSDNSTests" */ = {
			isa = XCConfigurationList;
			buildConfigurations = (
				2ED015971F5E9A460067F611 /* Debug */,
				2ED015981F5E9A460067F611 /* Release */,
			);
			defaultConfigurationIsVisible = 0;
			defaultConfigurationName = Release;
		};
		2ED015991F5E9A460067F611 /* Build configuration list for PBXNativeTarget "JiOSDNSUITests" */ = {
			isa = XCConfigurationList;
			buildConfigurations = (
				2ED0159A1F5E9A460067F611 /* Debug */,
				2ED0159B1F5E9A460067F611 /* Release */,
			);
			defaultConfigurationIsVisible = 0;
			defaultConfigurationName = Release;
		};
/* End XCConfigurationList section */
	};
	rootObject = 2ED0155E1F5E9A460067F611 /* Project object */;
}
